
Microsoft Visual Studio Solution File, Format Version 12.00
# Visual Studio Version 17
VisualStudioVersion = 17.6.33801.468
MinimumVisualStudioVersion = 10.0.40219.1
Project("{8BC9CEB8-8B4A-11D0-8D11-00A0C91BC942}") = "LR_KRVITP", "LR_KRVITP\LR_KRVITP.vcxproj", "{2356A5CF-7498-43F4-99C4-73096E7E8314}"
EndProject
Global
	GlobalSection(SolutionConfigurationPlatforms) = preSolution
		Debug|x64 = Debug|x64
		Debug|x86 = Debug|x86
		Release|x64 = Release|x64
		Release|x86 = Release|x86
	EndGlobalSection
	GlobalSection(ProjectConfigurationPlatforms) = postSolution
		{2356A5CF-7498-43F4-99C4-73096E7E8314}.Debug|x64.ActiveCfg = Debug|x64
		{2356A5CF-7498-43F4-99C4-73096E7E8314}.Debug|x64.Build.0 = Debug|x64
		{2356A5CF-7498-43F4-99C4-73096E7E8314}.Debug|x86.ActiveCfg = Debug|Win32
		{2356A5CF-7498-43F4-99C4-73096E7E8314}.Debug|x86.Build.0 = Debug|Win32
		{2356A5CF-7498-43F4-99C4-73096E7E8314}.Release|x64.ActiveCfg = Release|x64
		{2356A5CF-7498-43F4-99C4-73096E7E8314}.Release|x64.Build.0 = Release|x64
		{2356A5CF-7498-43F4-99C4-73096E7E8314}.Release|x86.ActiveCfg = Release|Win32
		{2356A5CF-7498-43F4-99C4-73096E7E8314}.Release|x86.Build.0 = Release|Win32
	EndGlobalSection
	GlobalSection(SolutionProperties) = preSolution
		HideSolutionNode = FALSE
	EndGlobalSection
	GlobalSection(ExtensibilityGlobals) = postSolution
		SolutionGuid = {3335759B-4F90-47A1-9CA9-E439C0305452}
	EndGlobalSection
EndGlobal
